<Project xmlns="http://schemas.microsoft.com/developer/msbuild/2003">
    <PropertyGroup>
        <ProjectGuid>{D1174147-4810-4FD4-A188-58DCB24D78D7}</ProjectGuid>
        <ProjectVersion>20.1</ProjectVersion>
        <MainSource>AddressBook.dpr</MainSource>
        <Config Condition="'$(Config)'==''">Debug</Config>
        <DCC_DCCCompiler>DCC32</DCC_DCCCompiler>
        <FrameworkType>VCL</FrameworkType>
        <Base>True</Base>
        <Platform Condition="'$(Platform)'==''">Win64</Platform>
        <ProjectName Condition="'$(ProjectName)'==''">AddressBook</ProjectName>
        <TargetedPlatforms>3</TargetedPlatforms>
        <AppType>Application</AppType>
    </PropertyGroup>
    <PropertyGroup Condition="'$(Config)'=='Base' or '$(Base)'!=''">
        <Base>true</Base>
    </PropertyGroup>
    <PropertyGroup Condition="('$(Platform)'=='Win32' and '$(Base)'=='true') or '$(Base_Win32)'!=''">
        <Base_Win32>true</Base_Win32>
        <CfgParent>Base</CfgParent>
        <Base>true</Base>
    </PropertyGroup>
    <PropertyGroup Condition="('$(Platform)'=='Win64' and '$(Base)'=='true') or '$(Base_Win64)'!=''">
        <Base_Win64>true</Base_Win64>
        <CfgParent>Base</CfgParent>
        <Base>true</Base>
    </PropertyGroup>
    <PropertyGroup Condition="'$(Config)'=='Release' or '$(Cfg_1)'!=''">
        <Cfg_1>true</Cfg_1>
        <CfgParent>Base</CfgParent>
        <Base>true</Base>
    </PropertyGroup>
    <PropertyGroup Condition="('$(Platform)'=='Win32' and '$(Cfg_1)'=='true') or '$(Cfg_1_Win32)'!=''">
        <Cfg_1_Win32>true</Cfg_1_Win32>
        <CfgParent>Cfg_1</CfgParent>
        <Cfg_1>true</Cfg_1>
        <Base>true</Base>
    </PropertyGroup>
    <PropertyGroup Condition="('$(Platform)'=='Win64' and '$(Cfg_1)'=='true') or '$(Cfg_1_Win64)'!=''">
        <Cfg_1_Win64>true</Cfg_1_Win64>
        <CfgParent>Cfg_1</CfgParent>
        <Cfg_1>true</Cfg_1>
        <Base>true</Base>
    </PropertyGroup>
    <PropertyGroup Condition="'$(Config)'=='Debug' or '$(Cfg_2)'!=''">
        <Cfg_2>true</Cfg_2>
        <CfgParent>Base</CfgParent>
        <Base>true</Base>
    </PropertyGroup>
    <PropertyGroup Condition="('$(Platform)'=='Win32' and '$(Cfg_2)'=='true') or '$(Cfg_2_Win32)'!=''">
        <Cfg_2_Win32>true</Cfg_2_Win32>
        <CfgParent>Cfg_2</CfgParent>
        <Cfg_2>true</Cfg_2>
        <Base>true</Base>
    </PropertyGroup>
    <PropertyGroup Condition="('$(Platform)'=='Win64' and '$(Cfg_2)'=='true') or '$(Cfg_2_Win64)'!=''">
        <Cfg_2_Win64>true</Cfg_2_Win64>
        <CfgParent>Cfg_2</CfgParent>
        <Cfg_2>true</Cfg_2>
        <Base>true</Base>
    </PropertyGroup>
    <PropertyGroup Condition="'$(Base)'!=''">
        <DCC_DependencyCheckOutputName>^\Base\AddressBook.exe</DCC_DependencyCheckOutputName>
        <DCC_UsePackage>vcl;rtl;vclx;vclactnband;dbrtl;vcldb;vcldbx;bdertl;dsnap;dsnapcon;TeeUI;TeeDB;Tee;adortl;vclib;ibxpress;IndyCore;IndySystem;IndyProtocols;xmlrtl;inet;intrawebdb_100_120;Intraweb_100_120;VclSmp;vclie;websnap;webdsnap;inetdbbde;inetdbxpress;soaprtl;vclribbon;dbexpress;DbxCommonDriver;DataSnapIndy10ServerTransport;DataSnapProviderClient;DataSnapServer;DbxClientDriver;DBXInterBaseDriver;DBXMySQLDriver;dbxcds;DBXSybaseASEDriver;DBXSybaseASADriver;DBXOracleDriver;DBXMSSQLDriver;DBXInformixDriver;DBXDb2Driver;Rave76VCL;$(DCC_UsePackage)</DCC_UsePackage>
        <BRCC_OutputDir>~</BRCC_OutputDir>
        <DCC_ImageBase>00400000</DCC_ImageBase>
        <DCC_MapFile>3</DCC_MapFile>
        <DCC_Platform>x86</DCC_Platform>
        <DCC_ExeOutput>^\Base</DCC_ExeOutput>
        <DCC_SymbolReferenceInfo>1</DCC_SymbolReferenceInfo>
        <DCC_DcuOutput>~</DCC_DcuOutput>
        <SanitizedProjectName>AddressBook</SanitizedProjectName>
        <DCC_Namespace>Vcl;Vcl.Imaging;Vcl.Touch;Vcl.Samples;Vcl.Shell;System;Xml;Data;Datasnap;Web;Soap;Winapi;Data.Win;$(DCC_Namespace)</DCC_Namespace>
        <VerInfo_IncludeVerInfo>true</VerInfo_IncludeVerInfo>
        <VerInfo_Build>1</VerInfo_Build>
        <VerInfo_Locale>1033</VerInfo_Locale>
        <VerInfo_Keys>CompanyName=;FileDescription=;FileVersion=1.0.0.1;InternalName=;LegalCopyright=;LegalTrademarks=;OriginalFilename=;ProductName=AddressBook DB;ProductVersion=1.0.0.0;Comments=</VerInfo_Keys>
    </PropertyGroup>
    <PropertyGroup Condition="'$(Base_Win32)'!=''">
        <DCC_Namespace>System.Win;Datasnap.Win;Web.Win;Soap.Win;Xml.Win;Bde;$(DCC_Namespace)</DCC_Namespace>
        <BT_BuildType>Debug</BT_BuildType>
        <VerInfo_Keys>CompanyName=;FileDescription=$(MSBuildProjectName);FileVersion=1.0.0.0;InternalName=;LegalCopyright=;LegalTrademarks=;OriginalFilename=;ProductName=$(MSBuildProjectName);ProductVersion=1.0.0.0;Comments=;ProgramID=com.embarcadero.$(MSBuildProjectName)</VerInfo_Keys>
        <Manifest_File>$(BDS)\bin\default_app.manifest</Manifest_File>
        <Icon_MainIcon>AddressBook_Icon.ico</Icon_MainIcon>
        <UWP_DelphiLogo44>$(BDS)\bin\Artwork\Windows\UWP\delphi_UwpDefault_44.png</UWP_DelphiLogo44>
        <UWP_DelphiLogo150>$(BDS)\bin\Artwork\Windows\UWP\delphi_UwpDefault_150.png</UWP_DelphiLogo150>
        <DCC_ExeOutput>.\bin\$(Config)</DCC_ExeOutput>
        <DCC_DcpOutput>.\obj\$(Config)</DCC_DcpOutput>
        <VerInfo_Build>0</VerInfo_Build>
        <DCC_DcuOutput>.\obj\$(Config)</DCC_DcuOutput>
        <AppDPIAwarenessMode>none</AppDPIAwarenessMode>
    </PropertyGroup>
    <PropertyGroup Condition="'$(Base_Win64)'!=''">
        <Manifest_File>$(BDS)\bin\default_app.manifest</Manifest_File>
        <Icon_MainIcon>AddressBook_Icon.ico</Icon_MainIcon>
        <UWP_DelphiLogo44>$(BDS)\bin\Artwork\Windows\UWP\delphi_UwpDefault_44.png</UWP_DelphiLogo44>
        <UWP_DelphiLogo150>$(BDS)\bin\Artwork\Windows\UWP\delphi_UwpDefault_150.png</UWP_DelphiLogo150>
        <DCC_Namespace>System.Win;Datasnap.Win;Web.Win;Soap.Win;Xml.Win;$(DCC_Namespace)</DCC_Namespace>
        <BT_BuildType>Debug</BT_BuildType>
        <VerInfo_Keys>CompanyName=;FileDescription=$(MSBuildProjectName);FileVersion=1.0.0.0;InternalName=;LegalCopyright=;LegalTrademarks=;OriginalFilename=;ProgramID=com.embarcadero.$(MSBuildProjectName);ProductName=$(MSBuildProjectName);ProductVersion=1.0.0.0;Comments=</VerInfo_Keys>
        <DCC_ExeOutput>.\bin\$(Config)</DCC_ExeOutput>
        <DCC_DcpOutput>.\obj\$(Config)</DCC_DcpOutput>
        <DCC_DcuOutput>.\obj\$(Config)</DCC_DcuOutput>
        <VerInfo_Build>0</VerInfo_Build>
        <AppDPIAwarenessMode>none</AppDPIAwarenessMode>
    </PropertyGroup>
    <PropertyGroup Condition="'$(Cfg_1)'!=''">
        <DCC_DependencyCheckOutputName>^\Release\AddressBook.exe</DCC_DependencyCheckOutputName>
        <BRCC_OutputDir>~\</BRCC_OutputDir>
        <DCC_ExeOutput>^\Release</DCC_ExeOutput>
        <DCC_LocalDebugSymbols>false</DCC_LocalDebugSymbols>
        <DCC_Define>RELEASE;$(DCC_Define)</DCC_Define>
        <DCC_SymbolReferenceInfo>0</DCC_SymbolReferenceInfo>
        <DCC_DebugInformation>0</DCC_DebugInformation>
    </PropertyGroup>
    <PropertyGroup Condition="'$(Cfg_1_Win32)'!=''">
        <AppDPIAwarenessMode>PerMonitorV2</AppDPIAwarenessMode>
    </PropertyGroup>
    <PropertyGroup Condition="'$(Cfg_1_Win64)'!=''">
        <AppDPIAwarenessMode>PerMonitorV2</AppDPIAwarenessMode>
    </PropertyGroup>
    <PropertyGroup Condition="'$(Cfg_2)'!=''">
        <DCC_DependencyCheckOutputName>^\Debug\AddressBook.exe</DCC_DependencyCheckOutputName>
        <DCC_ExeOutput>^\Debug</DCC_ExeOutput>
        <DCC_Define>DEBUG;$(DCC_Define)</DCC_Define>
    </PropertyGroup>
    <PropertyGroup Condition="'$(Cfg_2_Win32)'!=''">
        <AppDPIAwarenessMode>PerMonitorV2</AppDPIAwarenessMode>
        <VerInfo_Build>0</VerInfo_Build>
        <VerInfo_Keys>CompanyName=;FileDescription=$(MSBuildProjectName);FileVersion=1.0.0.0;InternalName=;LegalCopyright=;LegalTrademarks=;OriginalFilename=;ProductName=$(MSBuildProjectName);ProductVersion=1.0.0.0;Comments=;ProgramID=com.embarcadero.$(MSBuildProjectName)</VerInfo_Keys>
    </PropertyGroup>
    <PropertyGroup Condition="'$(Cfg_2_Win64)'!=''">
        <AppDPIAwarenessMode>PerMonitorV2</AppDPIAwarenessMode>
        <VerInfo_Build>0</VerInfo_Build>
        <VerInfo_Keys>CompanyName=;FileDescription=$(MSBuildProjectName);FileVersion=1.0.0.0;InternalName=;LegalCopyright=;LegalTrademarks=;OriginalFilename=;ProgramID=com.embarcadero.$(MSBuildProjectName);ProductName=$(MSBuildProjectName);ProductVersion=1.0.0.0;Comments=</VerInfo_Keys>
    </PropertyGroup>
    <ItemGroup>
        <DelphiCompile Include="$(MainSource)">
            <MainSource>MainSource</MainSource>
        </DelphiCompile>
        <DCCReference Include="Wnd\wndAgenda.pas">
            <Form>frmAgenda</Form>
        </DCCReference>
        <DCCReference Include="Wnd\wndEdit.pas">
            <Form>frmEdit</Form>
        </DCCReference>
        <DCCReference Include="Wnd\wndAlarm.pas">
            <Form>frmAlarm</Form>
        </DCCReference>
        <DCCReference Include="Wnd\wndContact.pas">
            <Form>frmContact</Form>
        </DCCReference>
        <BuildConfiguration Include="Base">
            <Key>Base</Key>
        </BuildConfiguration>
        <BuildConfiguration Include="Release">
            <Key>Cfg_1</Key>
            <CfgParent>Base</CfgParent>
        </BuildConfiguration>
        <BuildConfiguration Include="Debug">
            <Key>Cfg_2</Key>
            <CfgParent>Base</CfgParent>
        </BuildConfiguration>
    </ItemGroup>
    <Import Project="$(BDS)\Bin\CodeGear.Delphi.Targets" Condition="Exists('$(BDS)\Bin\CodeGear.Delphi.Targets')"/>
    <ProjectExtensions>
        <Borland.Personality>Delphi.Personality.12</Borland.Personality>
        <Borland.ProjectType/>
        <BorlandProject>
            <Delphi.Personality>
                <Source>
                    <Source Name="MainSource">AddressBook.dpr</Source>
                </Source>
                <Parameters>
                    <Parameters Name="UseLauncher">False</Parameters>
                    <Parameters Name="LoadAllSymbols">True</Parameters>
                    <Parameters Name="LoadUnspecifiedSymbols">False</Parameters>
                </Parameters>
                <VersionInfo>
                    <VersionInfo Name="IncludeVerInfo">True</VersionInfo>
                    <VersionInfo Name="AutoIncBuild">False</VersionInfo>
                    <VersionInfo Name="MajorVer">1</VersionInfo>
                    <VersionInfo Name="MinorVer">0</VersionInfo>
                    <VersionInfo Name="Release">0</VersionInfo>
                    <VersionInfo Name="Build">1</VersionInfo>
                    <VersionInfo Name="Debug">False</VersionInfo>
                    <VersionInfo Name="PreRelease">False</VersionInfo>
                    <VersionInfo Name="Special">False</VersionInfo>
                    <VersionInfo Name="Private">False</VersionInfo>
                    <VersionInfo Name="DLL">False</VersionInfo>
                    <VersionInfo Name="Locale">1033</VersionInfo>
                    <VersionInfo Name="CodePage">1252</VersionInfo>
                </VersionInfo>
                <VersionInfoKeys>
                    <VersionInfoKeys Name="CompanyName"/>
                    <VersionInfoKeys Name="FileDescription"/>
                    <VersionInfoKeys Name="FileVersion">1.0.0.1</VersionInfoKeys>
                    <VersionInfoKeys Name="InternalName"/>
                    <VersionInfoKeys Name="LegalCopyright"/>
                    <VersionInfoKeys Name="LegalTrademarks"/>
                    <VersionInfoKeys Name="OriginalFilename"/>
                    <VersionInfoKeys Name="ProductName">AddressBook DB</VersionInfoKeys>
                    <VersionInfoKeys Name="ProductVersion">1.0.0.0</VersionInfoKeys>
                    <VersionInfoKeys Name="Comments"/>
                </VersionInfoKeys>
                <Excluded_Packages>
                    <Excluded_Packages Name="$(BDSBIN)\dcloffice2k290.bpl">Microsoft Office 2000 Sample Automation Server Wrapper Components</Excluded_Packages>
                    <Excluded_Packages Name="$(BDSBIN)\dclofficexp290.bpl">Microsoft Office XP Sample Automation Server Wrapper Components</Excluded_Packages>
                </Excluded_Packages>
            </Delphi.Personality>
            <Platforms>
                <Platform value="Win32">True</Platform>
                <Platform value="Win64">True</Platform>
            </Platforms>
        </BorlandProject>
        <ProjectFileVersion>12</ProjectFileVersion>
    </ProjectExtensions>
    <Import Project="$(APPDATA)\Embarcadero\$(BDSAPPDATABASEDIR)\$(PRODUCTVERSION)\UserTools.proj" Condition="Exists('$(APPDATA)\Embarcadero\$(BDSAPPDATABASEDIR)\$(PRODUCTVERSION)\UserTools.proj')"/>
</Project>
